
Microsoft Visual Studio Solution File, Format Version 12.00
Project("{FAE04EC0-301F-11D3-BF4B-00C04F79EFBC}") = "shooting percent", "shooting percent\shooting percent.csproj", "{52E03665-A339-4F5E-BB5B-782BEF994F1F}"
EndProject
Global
	GlobalSection(SolutionConfigurationPlatforms) = preSolution
		Debug|Any CPU = Debug|Any CPU
		Release|Any CPU = Release|Any CPU
	EndGlobalSection
	GlobalSection(ProjectConfigurationPlatforms) = postSolution
		{52E03665-A339-4F5E-BB5B-782BEF994F1F}.Debug|Any CPU.ActiveCfg = Debug|Any CPU
		{52E03665-A339-4F5E-BB5B-782BEF994F1F}.Debug|Any CPU.Build.0 = Debug|Any CPU
		{52E03665-A339-4F5E-BB5B-782BEF994F1F}.Release|Any CPU.ActiveCfg = Release|Any CPU
		{52E03665-A339-4F5E-BB5B-782BEF994F1F}.Release|Any CPU.Build.0 = Release|Any CPU
	EndGlobalSection
EndGlobal
